NeoBundleLock jedi-vim 0b9bbc3495e20dd5c0020d42dbf6070211545ac7
NeoBundleLock molokai c67bdfcdb31415aa0ade7f8c003261700a885476
NeoBundleLock neobundle.vim 26d03781886ed887e390d4ad8b935987754b1c2c
NeoBundleLock pyflakes-vim 640f06c64bf7c0d5c3944ede033c68ef5bc9ca77
NeoBundleLock syntastic 937d77d1f3ba8de08ad275e052e38d0e680a175b
NeoBundleLock vim-autoclose a9a3b7384657bc1f60a963fd6c08c63fc48d61c3
NeoBundleLock vim-flake8 91818a7d5f5a0af5139e9adfedc9d00fa963e699
NeoBundleLock vim-indent-guides b40687195c01caf40f62d20093296590b48e3a75
NeoBundleLock vim-javascript 4c0a554423df72ecb8d13b143afa7a4cfcb994ec
NeoBundleLock vim-node 13b31218447335e176d46dd5f497b274f7f49595
NeoBundleLock vim-quickrun e0922c4d2702bd14a7bba652b2ff38118c10c725
